{
  "name": "gemini-vision-mcp",
  "version": "0.1.0",
  "lockfileVersion": 3,
  "requires": true,
  "packages": {
    "": {
      "name": "gemini-vision-mcp",
      "version": "0.1.0",
      "license": "MIT",
      "bin": {
        "gemini-vision-mcp": "dist/index.js"
      },
      "engines": {
        "node": ">=18"
      }
    }
  }
}
